
Microsoft Visual Studio Solution File, Format Version 12.00
# Visual Studio Version 17
VisualStudioVersion = 17.3.32929.385
MinimumVisualStudioVersion = 10.0.40219.1
Project("{FAE04EC0-301F-11D3-BF4B-00C04F79EFBC}") = "TourBus", "TourBus\TourBus.csproj", "{15A1C4E6-13C9-4E97-AF62-715F1A7AA884}"
EndProject
Global
	GlobalSection(SolutionConfigurationPlatforms) = preSolution
		Debug|Any CPU = Debug|Any CPU
		Release|Any CPU = Release|Any CPU
	EndGlobalSection
	GlobalSection(ProjectConfigurationPlatforms) = postSolution
		{15A1C4E6-13C9-4E97-AF62-715F1A7AA884}.Debug|Any CPU.ActiveCfg = Debug|Any CPU
		{15A1C4E6-13C9-4E97-AF62-715F1A7AA884}.Debug|Any CPU.Build.0 = Debug|Any CPU
		{15A1C4E6-13C9-4E97-AF62-715F1A7AA884}.Release|Any CPU.ActiveCfg = Release|Any CPU
		{15A1C4E6-13C9-4E97-AF62-715F1A7AA884}.Release|Any CPU.Build.0 = Release|Any CPU
	EndGlobalSection
	GlobalSection(SolutionProperties) = preSolution
		HideSolutionNode = FALSE
	EndGlobalSection
	GlobalSection(ExtensibilityGlobals) = postSolution
		SolutionGuid = {73A20266-FAE1-4EEB-93FB-2A2EFAE7DD71}
	EndGlobalSection
EndGlobal
